{
  "name": "ide-rust",
  "version": "0.21.2",
  "lockfileVersion": 1,
  "requires": true,
  "dependencies": {
    "atom-languageclient": {
      "version": "github:alexheretic/atom-languageclient#d475682b9c084c0fc94eaa20257e8339f52c97a1",
      "from": "github:alexheretic/atom-languageclient#build",
      "requires": {
        "fuzzaldrin-plus": "^0.6.0",
        "vscode-jsonrpc": "4.0.0",
        "vscode-languageserver-protocol": "3.12.0",
        "vscode-languageserver-types": "3.12.0"
      }
    },
    "atom-package-deps": {
      "version": "5.1.0",
      "resolved": "https://registry.npmjs.org/atom-package-deps/-/atom-package-deps-5.1.0.tgz",
      "integrity": "sha512-RGktH8NSFBJ5rdwuta3M7DbFdDr1EgrXo7uW7DQR/+lWJZcrfH2yxobnSdb/g1JM1tTvLyRYmZYOeRJGqQ9UGw==",
      "requires": {
        "sb-fs": "^4.0.0",
        "semver": "^6.0.0"
      }
    },
    "fuzzaldrin-plus": {
      "version": "0.6.0",
      "resolved": "https://registry.npmjs.org/fuzzaldrin-plus/-/fuzzaldrin-plus-0.6.0.tgz",
      "integrity": "sha1-gy9kifvodnaUWVmckUpnDsIpR+4="
    },
    "is-utf8": {
      "version": "0.2.1",
      "resolved": "https://registry.npmjs.org/is-utf8/-/is-utf8-0.2.1.tgz",
      "integrity": "sha1-Sw2hRCEE0bM2NA6AeX6GXPOffXI="
    },
    "sb-fs": {
      "version": "4.0.0",
      "resolved": "https://registry.npmjs.org/sb-fs/-/sb-fs-4.0.0.tgz",
      "integrity": "sha512-UjjIHC4uahPWvKYqgknvFCCJ11S0oDahz+nsmyTCAmARKto31aoE+Lu7GGGK0nogengJEKGzFdh46ho5+IL88Q==",
      "requires": {
        "strip-bom-buf": "^1.0.0"
      }
    },
    "semver": {
      "version": "6.3.0",
      "resolved": "https://registry.npmjs.org/semver/-/semver-6.3.0.tgz",
      "integrity": "sha512-b39TBaTSfV6yBrapU89p5fKekE2m/NwnDocOVruQFS1/veMgdzuPcnOM34M6CwxW8jH/lxEa5rBoDeUwu5HHTw=="
    },
    "strip-bom-buf": {
      "version": "1.0.0",
      "resolved": "https://registry.npmjs.org/strip-bom-buf/-/strip-bom-buf-1.0.0.tgz",
      "integrity": "sha1-HLRar1dTD0yvhsf3UXnSyaUd1XI=",
      "requires": {
        "is-utf8": "^0.2.1"
      }
    },
    "toml": {
      "version": "3.0.0",
      "resolved": "https://registry.npmjs.org/toml/-/toml-3.0.0.tgz",
      "integrity": "sha512-y/mWCZinnvxjTKYhJ+pYxwD0mRLVvOtdS2Awbgxln6iEnt4rk0yBxeSBHkGJcPucRiG0e55mwWp+g/05rsrd6w=="
    },
    "underscore": {
      "version": "1.9.1",
      "resolved": "https://registry.npmjs.org/underscore/-/underscore-1.9.1.tgz",
      "integrity": "sha512-5/4etnCkd9c8gwgowi5/om/mYO5ajCaOgdzj/oW+0eQV9WxKBDZw5+ycmKmeaTXjInS/W0BzpGLo2xR2aBwZdg=="
    },
    "underscore-plus": {
      "version": "1.7.0",
      "resolved": "https://registry.npmjs.org/underscore-plus/-/underscore-plus-1.7.0.tgz",
      "integrity": "sha512-A3BEzkeicFLnr+U/Q3EyWwJAQPbA19mtZZ4h+lLq3ttm9kn8WC4R3YpuJZEXmWdLjYP47Zc8aLZm9kwdv+zzvA==",
      "requires": {
        "underscore": "^1.9.1"
      }
    },
    "vscode-jsonrpc": {
      "version": "4.0.0",
      "resolved": "https://registry.npmjs.org/vscode-jsonrpc/-/vscode-jsonrpc-4.0.0.tgz",
      "integrity": "sha512-perEnXQdQOJMTDFNv+UF3h1Y0z4iSiaN9jIlb0OqIYgosPCZGYh/MCUlkFtV2668PL69lRDO32hmvL2yiidUYg=="
    },
    "vscode-languageserver-protocol": {
      "version": "3.12.0",
      "resolved": "https://registry.npmjs.org/vscode-languageserver-protocol/-/vscode-languageserver-protocol-3.12.0.tgz",
      "integrity": "sha512-evY6hmyzLnwQrqlQWPrNBq1z8wrSNjLesmgPzeS6Zv11mVS5UJRel26hbM/DH5tHdn45huNzRW0eFHRmIm8LpA==",
      "requires": {
        "vscode-jsonrpc": "^3.6.2",
        "vscode-languageserver-types": "^3.12.0"
      },
      "dependencies": {
        "vscode-jsonrpc": {
          "version": "3.6.2",
          "resolved": "https://registry.npmjs.org/vscode-jsonrpc/-/vscode-jsonrpc-3.6.2.tgz",
          "integrity": "sha512-T24Jb5V48e4VgYliUXMnZ379ItbrXgOimweKaJshD84z+8q7ZOZjJan0MeDe+Ugb+uqERDVV8SBmemaGMSMugA=="
        }
      }
    },
    "vscode-languageserver-types": {
      "version": "3.12.0",
      "resolved": "https://registry.npmjs.org/vscode-languageserver-types/-/vscode-languageserver-types-3.12.0.tgz",
      "integrity": "sha512-UxqnpzBToPO7Mi2tr/s5JeyPOSKSJtLB8lIdxCg9ZNdvP2cU8wS7iTDtwQKz91Ne4CUmTdf85ddR5SIZKXmMjQ=="
    }
  }
}
