{
  "name": "ide-rust",
  "version": "0.1.0",
  "lockfileVersion": 1,
  "requires": true,
  "dependencies": {
    "atom-languageclient": {
      "version": "0.6.1",
      "resolved": "https://registry.npmjs.org/atom-languageclient/-/atom-languageclient-0.6.1.tgz",
      "integrity": "sha1-Qge2rdVyNVYlOGSt1/Ga5dGE4RY=",
      "requires": {
        "vscode-jsonrpc": "3.3.1"
      }
    },
    "vscode-jsonrpc": {
      "version": "3.3.1",
      "resolved": "https://registry.npmjs.org/vscode-jsonrpc/-/vscode-jsonrpc-3.3.1.tgz",
      "integrity": "sha512-iLlG27498AJF0j4GJ4yua7Z9bpJfLfwpAaAA9mihe6VDoYHwK8TyFgnpXdgjoTb8X9/DnzimQeg0bjIWINvPWw=="
    }
  }
}
