{
  "name": "ide-rust",
  "version": "0.0.0",
  "lockfileVersion": 1,
  "requires": true,
  "dependencies": {
    "atom-languageclient": {
      "version": "0.1.3",
      "resolved": "https://registry.npmjs.org/atom-languageclient/-/atom-languageclient-0.1.3.tgz",
      "integrity": "sha512-eZoQWw4fQ9d147QjmGOfyamxBBCovqJ3A0BLhBNzl/CUhbYx0KX+cyZ74aX1ACC6u5fR7zUKDMYMU2/IpEy0NA==",
      "requires": {
        "postinstall-build": "3.0.1",
        "vscode-jsonrpc": "3.3.1"
      }
    },
    "postinstall-build": {
      "version": "3.0.1",
      "resolved": "https://registry.npmjs.org/postinstall-build/-/postinstall-build-3.0.1.tgz",
      "integrity": "sha1-CMtszxXjoEoOXEFlpYRnVWvHUMM="
    },
    "vscode-jsonrpc": {
      "version": "3.3.1",
      "resolved": "https://registry.npmjs.org/vscode-jsonrpc/-/vscode-jsonrpc-3.3.1.tgz",
      "integrity": "sha512-iLlG27498AJF0j4GJ4yua7Z9bpJfLfwpAaAA9mihe6VDoYHwK8TyFgnpXdgjoTb8X9/DnzimQeg0bjIWINvPWw=="
    }
  }
}
